
Microsoft Visual Studio Solution File, Format Version 12.00
# Visual Studio Version 17
VisualStudioVersion = 17.4.33213.308
MinimumVisualStudioVersion = 10.0.40219.1
Project("{2150E333-8FDC-42A3-9474-1A3956D46DE8}") = "Solution Items", "Solution Items", "{9189788D-61FF-490A-8CE3-9AAF7FB2DC56}"
	ProjectSection(SolutionItems) = preProject
		.editorconfig = .editorconfig
		Directory.Build.props = Directory.Build.props
		Directory.Packages.props = Directory.Packages.props
	EndProjectSection
EndProject
Project("{9A19103F-16F7-4668-BE54-9A1E7A4F7556}") = "EFCore.PG.Temporal", "EFCore.PG.Temporal\EFCore.PG.Temporal.csproj", "{D8243F94-FC75-49CE-A1AD-2F2081E77169}"
EndProject
Project("{9A19103F-16F7-4668-BE54-9A1E7A4F7556}") = "EFCore.PG.Temporal.Tests", "EFCore.PG.Temporal.Tests\EFCore.PG.Temporal.Tests.csproj", "{936E2A52-0156-4251-9623-60AF0CA468CE}"
EndProject
Project("{2150E333-8FDC-42A3-9474-1A3956D46DE8}") = "Github", "Github", "{31BA9C6D-C913-4C53-8587-AD14AF947D2A}"
	ProjectSection(SolutionItems) = preProject
		build.yml = build.yml
	EndProjectSection
EndProject
Global
	GlobalSection(SolutionConfigurationPlatforms) = preSolution
		Debug|Any CPU = Debug|Any CPU
		Release|Any CPU = Release|Any CPU
	EndGlobalSection
	GlobalSection(ProjectConfigurationPlatforms) = postSolution
		{D8243F94-FC75-49CE-A1AD-2F2081E77169}.Debug|Any CPU.ActiveCfg = Debug|Any CPU
		{D8243F94-FC75-49CE-A1AD-2F2081E77169}.Debug|Any CPU.Build.0 = Debug|Any CPU
		{D8243F94-FC75-49CE-A1AD-2F2081E77169}.Release|Any CPU.ActiveCfg = Release|Any CPU
		{D8243F94-FC75-49CE-A1AD-2F2081E77169}.Release|Any CPU.Build.0 = Release|Any CPU
		{936E2A52-0156-4251-9623-60AF0CA468CE}.Debug|Any CPU.ActiveCfg = Debug|Any CPU
		{936E2A52-0156-4251-9623-60AF0CA468CE}.Debug|Any CPU.Build.0 = Debug|Any CPU
		{936E2A52-0156-4251-9623-60AF0CA468CE}.Release|Any CPU.ActiveCfg = Release|Any CPU
		{936E2A52-0156-4251-9623-60AF0CA468CE}.Release|Any CPU.Build.0 = Release|Any CPU
	EndGlobalSection
	GlobalSection(SolutionProperties) = preSolution
		HideSolutionNode = FALSE
	EndGlobalSection
	GlobalSection(NestedProjects) = preSolution
		{31BA9C6D-C913-4C53-8587-AD14AF947D2A} = {9189788D-61FF-490A-8CE3-9AAF7FB2DC56}
	EndGlobalSection
	GlobalSection(ExtensibilityGlobals) = postSolution
		SolutionGuid = {16E9776C-4809-4CFA-B41E-877ACFA9D36B}
	EndGlobalSection
EndGlobal
